
Microsoft Visual Studio Solution File, Format Version 12.00
# Visual Studio Version 16
VisualStudioVersion = 16.0.29613.14
MinimumVisualStudioVersion = 10.0.40219.1
Project("{FAE04EC0-301F-11D3-BF4B-00C04F79EFBC}") = "MySecondTryForum", "MySecondTryForum\MySecondTryForum.csproj", "{DE6C3DDC-601B-4806-A1DA-EA357FEF3274}"
EndProject
Global
	GlobalSection(SolutionConfigurationPlatforms) = preSolution
		Debug|Any CPU = Debug|Any CPU
		Release|Any CPU = Release|Any CPU
	EndGlobalSection
	GlobalSection(ProjectConfigurationPlatforms) = postSolution
		{DE6C3DDC-601B-4806-A1DA-EA357FEF3274}.Debug|Any CPU.ActiveCfg = Debug|Any CPU
		{DE6C3DDC-601B-4806-A1DA-EA357FEF3274}.Debug|Any CPU.Build.0 = Debug|Any CPU
		{DE6C3DDC-601B-4806-A1DA-EA357FEF3274}.Release|Any CPU.ActiveCfg = Release|Any CPU
		{DE6C3DDC-601B-4806-A1DA-EA357FEF3274}.Release|Any CPU.Build.0 = Release|Any CPU
	EndGlobalSection
	GlobalSection(SolutionProperties) = preSolution
		HideSolutionNode = FALSE
	EndGlobalSection
	GlobalSection(ExtensibilityGlobals) = postSolution
		SolutionGuid = {44978239-8AAE-47C8-8F30-2CC810704D8E}
	EndGlobalSection
EndGlobal
